
Microsoft Visual Studio Solution File, Format Version 12.00
# Visual Studio Version 16
VisualStudioVersion = 16.0.30907.101
MinimumVisualStudioVersion = 10.0.40219.1
Project("{FAE04EC0-301F-11D3-BF4B-00C04F79EFBC}") = "Duo Auth", "Duo Auth\Duo Auth.csproj", "{D9E21A5D-07F0-4247-A870-0B57A74922C1}"
EndProject
Global
	GlobalSection(SolutionConfigurationPlatforms) = preSolution
		Debug|Any CPU = Debug|Any CPU
		Release|Any CPU = Release|Any CPU
	EndGlobalSection
	GlobalSection(ProjectConfigurationPlatforms) = postSolution
		{D9E21A5D-07F0-4247-A870-0B57A74922C1}.Debug|Any CPU.ActiveCfg = Debug|Any CPU
		{D9E21A5D-07F0-4247-A870-0B57A74922C1}.Debug|Any CPU.Build.0 = Debug|Any CPU
		{D9E21A5D-07F0-4247-A870-0B57A74922C1}.Release|Any CPU.ActiveCfg = Release|Any CPU
		{D9E21A5D-07F0-4247-A870-0B57A74922C1}.Release|Any CPU.Build.0 = Release|Any CPU
	EndGlobalSection
	GlobalSection(SolutionProperties) = preSolution
		HideSolutionNode = FALSE
	EndGlobalSection
	GlobalSection(ExtensibilityGlobals) = postSolution
		SolutionGuid = {56280459-105B-40E9-BA00-A47DC3E73F6A}
	EndGlobalSection
EndGlobal
